// !$*UTF8*$!
{
	archiveVersion = 1;
	classes = {
	};
	objectVersion = 56;
	objects = {

/* Begin PBXBuildFile section */
		D3E243B72C615BCE007BF630 /* UIView+Extensions.swift in Sources */ = {isa = PBXBuildFile; fileRef = D3E243B62C615BCE007BF630 /* UIView+Extensions.swift */; };
		D3E243B92C615CD8007BF630 /* Date+Extensions.swift in Sources */ = {isa = PBXBuildFile; fileRef = D3E243B82C615CD8007BF630 /* Date+Extensions.swift */; };
		D3E243BB2C615E5C007BF630 /* UIFont+Extensions.swift in Sources */ = {isa = PBXBuildFile; fileRef = D3E243BA2C615E5C007BF630 /* UIFont+Extensions.swift */; };
		D3E243BD2C615FD7007BF630 /* NewsDetailsViewController.swift in Sources */ = {isa = PBXBuildFile; fileRef = D3E243BC2C615FD7007BF630 /* NewsDetailsViewController.swift */; };
		D3E243BF2C616040007BF630 /* NewsDetailsViewModel.swift in Sources */ = {isa = PBXBuildFile; fileRef = D3E243BE2C616040007BF630 /* NewsDetailsViewModel.swift */; };
		D3F04C4B2C5FF94A005DA7CA /* AppDelegate.swift in Sources */ = {isa = PBXBuildFile; fileRef = D3F04C4A2C5FF94A005DA7CA /* AppDelegate.swift */; };
		D3F04C4D2C5FF94A005DA7CA /* SceneDelegate.swift in Sources */ = {isa = PBXBuildFile; fileRef = D3F04C4C2C5FF94A005DA7CA /* SceneDelegate.swift */; };
		D3F04C522C5FF94A005DA7CA /* Base in Resources */ = {isa = PBXBuildFile; fileRef = D3F04C512C5FF94A005DA7CA /* Base */; };
		D3F04C542C5FF94B005DA7CA /* Assets.xcassets in Resources */ = {isa = PBXBuildFile; fileRef = D3F04C532C5FF94B005DA7CA /* Assets.xcassets */; };
		D3F04C572C5FF94C005DA7CA /* Base in Resources */ = {isa = PBXBuildFile; fileRef = D3F04C562C5FF94C005DA7CA /* Base */; };
		D3F04C612C5FFA08005DA7CA /* ThemeManager.swift in Sources */ = {isa = PBXBuildFile; fileRef = D3F04C602C5FFA08005DA7CA /* ThemeManager.swift */; };
		D3F04C632C5FFB2A005DA7CA /* NewsHeadlinesTableViewController.swift in Sources */ = {isa = PBXBuildFile; fileRef = D3F04C622C5FFB2A005DA7CA /* NewsHeadlinesTableViewController.swift */; };
		D3F04C662C5FFE39005DA7CA /* NewsHeadlineTableViewCell.swift in Sources */ = {isa = PBXBuildFile; fileRef = D3F04C652C5FFE39005DA7CA /* NewsHeadlineTableViewCell.swift */; };
		D3F04C692C60025F005DA7CA /* Webservice.swift in Sources */ = {isa = PBXBuildFile; fileRef = D3F04C682C60025F005DA7CA /* Webservice.swift */; };
		D3F04C6C2C60037F005DA7CA /* Category.swift in Sources */ = {isa = PBXBuildFile; fileRef = D3F04C6B2C60037F005DA7CA /* Category.swift */; };
		D3F04C6E2C6003D8005DA7CA /* Article.swift in Sources */ = {isa = PBXBuildFile; fileRef = D3F04C6D2C6003D8005DA7CA /* Article.swift */; };
		D3F04C702C600502005DA7CA /* CategoryService.swift in Sources */ = {isa = PBXBuildFile; fileRef = D3F04C6F2C600502005DA7CA /* CategoryService.swift */; };
		D3F04C732C6005CA005DA7CA /* URL+Extensions.swift in Sources */ = {isa = PBXBuildFile; fileRef = D3F04C722C6005CA005DA7CA /* URL+Extensions.swift */; };
		D3F04C762C615240005DA7CA /* CategoryListViewModel.swift in Sources */ = {isa = PBXBuildFile; fileRef = D3F04C752C615240005DA7CA /* CategoryListViewModel.swift */; };
		D3F04C782C61533A005DA7CA /* CategoryViewModel.swift in Sources */ = {isa = PBXBuildFile; fileRef = D3F04C772C61533A005DA7CA /* CategoryViewModel.swift */; };
		D3F04C7A2C6153BC005DA7CA /* ArticleViewModel.swift in Sources */ = {isa = PBXBuildFile; fileRef = D3F04C792C6153BC005DA7CA /* ArticleViewModel.swift */; };
		D3F04C7C2C6154C1005DA7CA /* UIImage+Extensions.swift in Sources */ = {isa = PBXBuildFile; fileRef = D3F04C7B2C6154C1005DA7CA /* UIImage+Extensions.swift */; };
/* End PBXBuildFile section */

/* Begin PBXFileReference section */
		D3E243B62C615BCE007BF630 /* UIView+Extensions.swift */ = {isa = PBXFileReference; lastKnownFileType = sourcecode.swift; path = "UIView+Extensions.swift"; sourceTree = "<group>"; };
		D3E243B82C615CD8007BF630 /* Date+Extensions.swift */ = {isa = PBXFileReference; lastKnownFileType = sourcecode.swift; path = "Date+Extensions.swift"; sourceTree = "<group>"; };
		D3E243BA2C615E5C007BF630 /* UIFont+Extensions.swift */ = {isa = PBXFileReference; lastKnownFileType = sourcecode.swift; path = "UIFont+Extensions.swift"; sourceTree = "<group>"; };
		D3E243BC2C615FD7007BF630 /* NewsDetailsViewController.swift */ = {isa = PBXFileReference; lastKnownFileType = sourcecode.swift; path = NewsDetailsViewController.swift; sourceTree = "<group>"; };
		D3E243BE2C616040007BF630 /* NewsDetailsViewModel.swift */ = {isa = PBXFileReference; lastKnownFileType = sourcecode.swift; path = NewsDetailsViewModel.swift; sourceTree = "<group>"; };
		D3F04C472C5FF94A005DA7CA /* GoodNews.app */ = {isa = PBXFileReference; explicitFileType = wrapper.application; includeInIndex = 0; path = GoodNews.app; sourceTree = BUILT_PRODUCTS_DIR; };
		D3F04C4A2C5FF94A005DA7CA /* AppDelegate.swift */ = {isa = PBXFileReference; lastKnownFileType = sourcecode.swift; path = AppDelegate.swift; sourceTree = "<group>"; };
		D3F04C4C2C5FF94A005DA7CA /* SceneDelegate.swift */ = {isa = PBXFileReference; lastKnownFileType = sourcecode.swift; path = SceneDelegate.swift; sourceTree = "<group>"; };
		D3F04C512C5FF94A005DA7CA /* Base */ = {isa = PBXFileReference; lastKnownFileType = file.storyboard; name = Base; path = Base.lproj/Main.storyboard; sourceTree = "<group>"; };
		D3F04C532C5FF94B005DA7CA /* Assets.xcassets */ = {isa = PBXFileReference; lastKnownFileType = folder.assetcatalog; path = Assets.xcassets; sourceTree = "<group>"; };
		D3F04C562C5FF94C005DA7CA /* Base */ = {isa = PBXFileReference; lastKnownFileType = file.storyboard; name = Base; path = Base.lproj/LaunchScreen.storyboard; sourceTree = "<group>"; };
		D3F04C582C5FF94C005DA7CA /* Info.plist */ = {isa = PBXFileReference; lastKnownFileType = text.plist.xml; path = Info.plist; sourceTree = "<group>"; };
		D3F04C602C5FFA08005DA7CA /* ThemeManager.swift */ = {isa = PBXFileReference; lastKnownFileType = sourcecode.swift; path = ThemeManager.swift; sourceTree = "<group>"; };
		D3F04C622C5FFB2A005DA7CA /* NewsHeadlinesTableViewController.swift */ = {isa = PBXFileReference; lastKnownFileType = sourcecode.swift; path = NewsHeadlinesTableViewController.swift; sourceTree = "<group>"; };
		D3F04C652C5FFE39005DA7CA /* NewsHeadlineTableViewCell.swift */ = {isa = PBXFileReference; lastKnownFileType = sourcecode.swift; path = NewsHeadlineTableViewCell.swift; sourceTree = "<group>"; };
		D3F04C682C60025F005DA7CA /* Webservice.swift */ = {isa = PBXFileReference; lastKnownFileType = sourcecode.swift; path = Webservice.swift; sourceTree = "<group>"; };
		D3F04C6B2C60037F005DA7CA /* Category.swift */ = {isa = PBXFileReference; lastKnownFileType = sourcecode.swift; path = Category.swift; sourceTree = "<group>"; };
		D3F04C6D2C6003D8005DA7CA /* Article.swift */ = {isa = PBXFileReference; lastKnownFileType = sourcecode.swift; path = Article.swift; sourceTree = "<group>"; };
		D3F04C6F2C600502005DA7CA /* CategoryService.swift */ = {isa = PBXFileReference; lastKnownFileType = sourcecode.swift; path = CategoryService.swift; sourceTree = "<group>"; };
		D3F04C722C6005CA005DA7CA /* URL+Extensions.swift */ = {isa = PBXFileReference; lastKnownFileType = sourcecode.swift; path = "URL+Extensions.swift"; sourceTree = "<group>"; };
		D3F04C752C615240005DA7CA /* CategoryListViewModel.swift */ = {isa = PBXFileReference; lastKnownFileType = sourcecode.swift; path = CategoryListViewModel.swift; sourceTree = "<group>"; };
		D3F04C772C61533A005DA7CA /* CategoryViewModel.swift */ = {isa = PBXFileReference; lastKnownFileType = sourcecode.swift; path = CategoryViewModel.swift; sourceTree = "<group>"; };
		D3F04C792C6153BC005DA7CA /* ArticleViewModel.swift */ = {isa = PBXFileReference; lastKnownFileType = sourcecode.swift; path = ArticleViewModel.swift; sourceTree = "<group>"; };
		D3F04C7B2C6154C1005DA7CA /* UIImage+Extensions.swift */ = {isa = PBXFileReference; lastKnownFileType = sourcecode.swift; path = "UIImage+Extensions.swift"; sourceTree = "<group>"; };
/* End PBXFileReference section */

/* Begin PBXFrameworksBuildPhase section */
		D3F04C442C5FF94A005DA7CA /* Frameworks */ = {
			isa = PBXFrameworksBuildPhase;
			buildActionMask = 2147483647;
			files = (
			);
			runOnlyForDeploymentPostprocessing = 0;
		};
/* End PBXFrameworksBuildPhase section */

/* Begin PBXGroup section */
		D3F04C3E2C5FF94A005DA7CA = {
			isa = PBXGroup;
			children = (
				D3F04C492C5FF94A005DA7CA /* GoodNews */,
				D3F04C482C5FF94A005DA7CA /* Products */,
			);
			sourceTree = "<group>";
		};
		D3F04C482C5FF94A005DA7CA /* Products */ = {
			isa = PBXGroup;
			children = (
				D3F04C472C5FF94A005DA7CA /* GoodNews.app */,
			);
			name = Products;
			sourceTree = "<group>";
		};
		D3F04C492C5FF94A005DA7CA /* GoodNews */ = {
			isa = PBXGroup;
			children = (
				D3F04C742C615234005DA7CA /* ViewModels */,
				D3F04C712C6005BB005DA7CA /* Extensions */,
				D3F04C6A2C600376005DA7CA /* Models */,
				D3F04C672C600248005DA7CA /* Services */,
				D3F04C642C5FFE1E005DA7CA /* Cells */,
				D3F04C5F2C5FF9FC005DA7CA /* Managers */,
				D3F04C5E2C5FF959005DA7CA /* Controllers */,
				D3F04C4A2C5FF94A005DA7CA /* AppDelegate.swift */,
				D3F04C4C2C5FF94A005DA7CA /* SceneDelegate.swift */,
				D3F04C502C5FF94A005DA7CA /* Main.storyboard */,
				D3F04C532C5FF94B005DA7CA /* Assets.xcassets */,
				D3F04C552C5FF94C005DA7CA /* LaunchScreen.storyboard */,
				D3F04C582C5FF94C005DA7CA /* Info.plist */,
			);
			path = GoodNews;
			sourceTree = "<group>";
		};
		D3F04C5E2C5FF959005DA7CA /* Controllers */ = {
			isa = PBXGroup;
			children = (
				D3F04C622C5FFB2A005DA7CA /* NewsHeadlinesTableViewController.swift */,
				D3E243BC2C615FD7007BF630 /* NewsDetailsViewController.swift */,
			);
			path = Controllers;
			sourceTree = "<group>";
		};
		D3F04C5F2C5FF9FC005DA7CA /* Managers */ = {
			isa = PBXGroup;
			children = (
				D3F04C602C5FFA08005DA7CA /* ThemeManager.swift */,
			);
			path = Managers;
			sourceTree = "<group>";
		};
		D3F04C642C5FFE1E005DA7CA /* Cells */ = {
			isa = PBXGroup;
			children = (
				D3F04C652C5FFE39005DA7CA /* NewsHeadlineTableViewCell.swift */,
			);
			path = Cells;
			sourceTree = "<group>";
		};
		D3F04C672C600248005DA7CA /* Services */ = {
			isa = PBXGroup;
			children = (
				D3F04C682C60025F005DA7CA /* Webservice.swift */,
				D3F04C6F2C600502005DA7CA /* CategoryService.swift */,
			);
			path = Services;
			sourceTree = "<group>";
		};
		D3F04C6A2C600376005DA7CA /* Models */ = {
			isa = PBXGroup;
			children = (
				D3F04C6B2C60037F005DA7CA /* Category.swift */,
				D3F04C6D2C6003D8005DA7CA /* Article.swift */,
			);
			path = Models;
			sourceTree = "<group>";
		};
		D3F04C712C6005BB005DA7CA /* Extensions */ = {
			isa = PBXGroup;
			children = (
				D3F04C722C6005CA005DA7CA /* URL+Extensions.swift */,
				D3F04C7B2C6154C1005DA7CA /* UIImage+Extensions.swift */,
				D3E243B62C615BCE007BF630 /* UIView+Extensions.swift */,
				D3E243B82C615CD8007BF630 /* Date+Extensions.swift */,
				D3E243BA2C615E5C007BF630 /* UIFont+Extensions.swift */,
			);
			path = Extensions;
			sourceTree = "<group>";
		};
		D3F04C742C615234005DA7CA /* ViewModels */ = {
			isa = PBXGroup;
			children = (
				D3F04C752C615240005DA7CA /* CategoryListViewModel.swift */,
				D3F04C772C61533A005DA7CA /* CategoryViewModel.swift */,
				D3F04C792C6153BC005DA7CA /* ArticleViewModel.swift */,
				D3E243BE2C616040007BF630 /* NewsDetailsViewModel.swift */,
			);
			path = ViewModels;
			sourceTree = "<group>";
		};
/* End PBXGroup section */

/* Begin PBXNativeTarget section */
		D3F04C462C5FF94A005DA7CA /* GoodNews */ = {
			isa = PBXNativeTarget;
			buildConfigurationList = D3F04C5B2C5FF94C005DA7CA /* Build configuration list for PBXNativeTarget "GoodNews" */;
			buildPhases = (
				D3F04C432C5FF94A005DA7CA /* Sources */,
				D3F04C442C5FF94A005DA7CA /* Frameworks */,
				D3F04C452C5FF94A005DA7CA /* Resources */,
			);
			buildRules = (
			);
			dependencies = (
			);
			name = GoodNews;
			productName = GoodNews;
			productReference = D3F04C472C5FF94A005DA7CA /* GoodNews.app */;
			productType = "com.apple.product-type.application";
		};
/* End PBXNativeTarget section */

/* Begin PBXProject section */
		D3F04C3F2C5FF94A005DA7CA /* Project object */ = {
			isa = PBXProject;
			attributes = {
				BuildIndependentTargetsInParallel = 1;
				LastSwiftUpdateCheck = 1540;
				LastUpgradeCheck = 1540;
				TargetAttributes = {
					D3F04C462C5FF94A005DA7CA = {
						CreatedOnToolsVersion = 15.4;
					};
				};
			};
			buildConfigurationList = D3F04C422C5FF94A005DA7CA /* Build configuration list for PBXProject "GoodNews" */;
			compatibilityVersion = "Xcode 14.0";
			developmentRegion = en;
			hasScannedForEncodings = 0;
			knownRegions = (
				en,
				Base,
			);
			mainGroup = D3F04C3E2C5FF94A005DA7CA;
			productRefGroup = D3F04C482C5FF94A005DA7CA /* Products */;
			projectDirPath = "";
			projectRoot = "";
			targets = (
				D3F04C462C5FF94A005DA7CA /* GoodNews */,
			);
		};
/* End PBXProject section */

/* Begin PBXResourcesBuildPhase section */
		D3F04C452C5FF94A005DA7CA /* Resources */ = {
			isa = PBXResourcesBuildPhase;
			buildActionMask = 2147483647;
			files = (
				D3F04C542C5FF94B005DA7CA /* Assets.xcassets in Resources */,
				D3F04C572C5FF94C005DA7CA /* Base in Resources */,
				D3F04C522C5FF94A005DA7CA /* Base in Resources */,
			);
			runOnlyForDeploymentPostprocessing = 0;
		};
/* End PBXResourcesBuildPhase section */

/* Begin PBXSourcesBuildPhase section */
		D3F04C432C5FF94A005DA7CA /* Sources */ = {
			isa = PBXSourcesBuildPhase;
			buildActionMask = 2147483647;
			files = (
				D3E243BF2C616040007BF630 /* NewsDetailsViewModel.swift in Sources */,
				D3F04C4B2C5FF94A005DA7CA /* AppDelegate.swift in Sources */,
				D3F04C662C5FFE39005DA7CA /* NewsHeadlineTableViewCell.swift in Sources */,
				D3F04C7A2C6153BC005DA7CA /* ArticleViewModel.swift in Sources */,
				D3F04C7C2C6154C1005DA7CA /* UIImage+Extensions.swift in Sources */,
				D3F04C692C60025F005DA7CA /* Webservice.swift in Sources */,
				D3F04C702C600502005DA7CA /* CategoryService.swift in Sources */,
				D3E243BD2C615FD7007BF630 /* NewsDetailsViewController.swift in Sources */,
				D3F04C782C61533A005DA7CA /* CategoryViewModel.swift in Sources */,
				D3F04C4D2C5FF94A005DA7CA /* SceneDelegate.swift in Sources */,
				D3F04C6E2C6003D8005DA7CA /* Article.swift in Sources */,
				D3E243B92C615CD8007BF630 /* Date+Extensions.swift in Sources */,
				D3F04C762C615240005DA7CA /* CategoryListViewModel.swift in Sources */,
				D3F04C632C5FFB2A005DA7CA /* NewsHeadlinesTableViewController.swift in Sources */,
				D3F04C732C6005CA005DA7CA /* URL+Extensions.swift in Sources */,
				D3E243B72C615BCE007BF630 /* UIView+Extensions.swift in Sources */,
				D3E243BB2C615E5C007BF630 /* UIFont+Extensions.swift in Sources */,
				D3F04C612C5FFA08005DA7CA /* ThemeManager.swift in Sources */,
				D3F04C6C2C60037F005DA7CA /* Category.swift in Sources */,
			);
			runOnlyForDeploymentPostprocessing = 0;
		};
/* End PBXSourcesBuildPhase section */

/* Begin PBXVariantGroup section */
		D3F04C502C5FF94A005DA7CA /* Main.storyboard */ = {
			isa = PBXVariantGroup;
			children = (
				D3F04C512C5FF94A005DA7CA /* Base */,
			);
			name = Main.storyboard;
			sourceTree = "<group>";
		};
		D3F04C552C5FF94C005DA7CA /* LaunchScreen.storyboard */ = {
			isa = PBXVariantGroup;
			children = (
				D3F04C562C5FF94C005DA7CA /* Base */,
			);
			name = LaunchScreen.storyboard;
			sourceTree = "<group>";
		};
/* End PBXVariantGroup section */

/* Begin XCBuildConfiguration section */
		D3F04C592C5FF94C005DA7CA /* Debug */ = {
			isa = XCBuildConfiguration;
			buildSettings = {
				ALWAYS_SEARCH_USER_PATHS = NO;
				ASSETCATALOG_COMPILER_GENERATE_SWIFT_ASSET_SYMBOL_EXTENSIONS = YES;
				CLANG_ANALYZER_NONNULL = YES;
				CLANG_ANALYZER_NUMBER_OBJECT_CONVERSION = YES_AGGRESSIVE;
				CLANG_CXX_LANGUAGE_STANDARD = "gnu++20";
				CLANG_ENABLE_MODULES = YES;
				CLANG_ENABLE_OBJC_ARC = YES;
				CLANG_ENABLE_OBJC_WEAK = YES;
				CLANG_WARN_BLOCK_CAPTURE_AUTORELEASING = YES;
				CLANG_WARN_BOOL_CONVERSION = YES;
				CLANG_WARN_COMMA = YES;
				CLANG_WARN_CONSTANT_CONVERSION = YES;
				CLANG_WARN_DEPRECATED_OBJC_IMPLEMENTATIONS = YES;
				CLANG_WARN_DIRECT_OBJC_ISA_USAGE = YES_ERROR;
				CLANG_WARN_DOCUMENTATION_COMMENTS = YES;
				CLANG_WARN_EMPTY_BODY = YES;
				CLANG_WARN_ENUM_CONVERSION = YES;
				CLANG_WARN_INFINITE_RECURSION = YES;
				CLANG_WARN_INT_CONVERSION = YES;
				CLANG_WARN_NON_LITERAL_NULL_CONVERSION = YES;
				CLANG_WARN_OBJC_IMPLICIT_RETAIN_SELF = YES;
				CLANG_WARN_OBJC_LITERAL_CONVERSION = YES;
				CLANG_WARN_OBJC_ROOT_CLASS = YES_ERROR;
				CLANG_WARN_QUOTED_INCLUDE_IN_FRAMEWORK_HEADER = YES;
				CLANG_WARN_RANGE_LOOP_ANALYSIS = YES;
				CLANG_WARN_STRICT_PROTOTYPES = YES;
				CLANG_WARN_SUSPICIOUS_MOVE = YES;
				CLANG_WARN_UNGUARDED_AVAILABILITY = YES_AGGRESSIVE;
				CLANG_WARN_UNREACHABLE_CODE = YES;
				CLANG_WARN__DUPLICATE_METHOD_MATCH = YES;
				COPY_PHASE_STRIP = NO;
				DEBUG_INFORMATION_FORMAT = dwarf;
				ENABLE_STRICT_OBJC_MSGSEND = YES;
				ENABLE_TESTABILITY = YES;
				ENABLE_USER_SCRIPT_SANDBOXING = YES;
				GCC_C_LANGUAGE_STANDARD = gnu17;
				GCC_DYNAMIC_NO_PIC = NO;
				GCC_NO_COMMON_BLOCKS = YES;
				GCC_OPTIMIZATION_LEVEL = 0;
				GCC_PREPROCESSOR_DEFINITIONS = (
					"DEBUG=1",
					"$(inherited)",
				);
				GCC_WARN_64_TO_32_BIT_CONVERSION = YES;
				GCC_WARN_ABOUT_RETURN_TYPE = YES_ERROR;
				GCC_WARN_UNDECLARED_SELECTOR = YES;
				GCC_WARN_UNINITIALIZED_AUTOS = YES_AGGRESSIVE;
				GCC_WARN_UNUSED_FUNCTION = YES;
				GCC_WARN_UNUSED_VARIABLE = YES;
				IPHONEOS_DEPLOYMENT_TARGET = 17.5;
				LOCALIZATION_PREFERS_STRING_CATALOGS = YES;
				MTL_ENABLE_DEBUG_INFO = INCLUDE_SOURCE;
				MTL_FAST_MATH = YES;
				ONLY_ACTIVE_ARCH = YES;
				SDKROOT = iphoneos;
				SWIFT_ACTIVE_COMPILATION_CONDITIONS = "DEBUG $(inherited)";
				SWIFT_OPTIMIZATION_LEVEL = "-Onone";
			};
			name = Debug;
		};
		D3F04C5A2C5FF94C005DA7CA /* Release */ = {
			isa = XCBuildConfiguration;
			buildSettings = {
				ALWAYS_SEARCH_USER_PATHS = NO;
				ASSETCATALOG_COMPILER_GENERATE_SWIFT_ASSET_SYMBOL_EXTENSIONS = YES;
				CLANG_ANALYZER_NONNULL = YES;
				CLANG_ANALYZER_NUMBER_OBJECT_CONVERSION = YES_AGGRESSIVE;
				CLANG_CXX_LANGUAGE_STANDARD = "gnu++20";
				CLANG_ENABLE_MODULES = YES;
				CLANG_ENABLE_OBJC_ARC = YES;
				CLANG_ENABLE_OBJC_WEAK = YES;
				CLANG_WARN_BLOCK_CAPTURE_AUTORELEASING = YES;
				CLANG_WARN_BOOL_CONVERSION = YES;
				CLANG_WARN_COMMA = YES;
				CLANG_WARN_CONSTANT_CONVERSION = YES;
				CLANG_WARN_DEPRECATED_OBJC_IMPLEMENTATIONS = YES;
				CLANG_WARN_DIRECT_OBJC_ISA_USAGE = YES_ERROR;
				CLANG_WARN_DOCUMENTATION_COMMENTS = YES;
				CLANG_WARN_EMPTY_BODY = YES;
				CLANG_WARN_ENUM_CONVERSION = YES;
				CLANG_WARN_INFINITE_RECURSION = YES;
				CLANG_WARN_INT_CONVERSION = YES;
				CLANG_WARN_NON_LITERAL_NULL_CONVERSION = YES;
				CLANG_WARN_OBJC_IMPLICIT_RETAIN_SELF = YES;
				CLANG_WARN_OBJC_LITERAL_CONVERSION = YES;
				CLANG_WARN_OBJC_ROOT_CLASS = YES_ERROR;
				CLANG_WARN_QUOTED_INCLUDE_IN_FRAMEWORK_HEADER = YES;
				CLANG_WARN_RANGE_LOOP_ANALYSIS = YES;
				CLANG_WARN_STRICT_PROTOTYPES = YES;
				CLANG_WARN_SUSPICIOUS_MOVE = YES;
				CLANG_WARN_UNGUARDED_AVAILABILITY = YES_AGGRESSIVE;
				CLANG_WARN_UNREACHABLE_CODE = YES;
				CLANG_WARN__DUPLICATE_METHOD_MATCH = YES;
				COPY_PHASE_STRIP = NO;
				DEBUG_INFORMATION_FORMAT = "dwarf-with-dsym";
				ENABLE_NS_ASSERTIONS = NO;
				ENABLE_STRICT_OBJC_MSGSEND = YES;
				ENABLE_USER_SCRIPT_SANDBOXING = YES;
				GCC_C_LANGUAGE_STANDARD = gnu17;
				GCC_NO_COMMON_BLOCKS = YES;
				GCC_WARN_64_TO_32_BIT_CONVERSION = YES;
				GCC_WARN_ABOUT_RETURN_TYPE = YES_ERROR;
				GCC_WARN_UNDECLARED_SELECTOR = YES;
				GCC_WARN_UNINITIALIZED_AUTOS = YES_AGGRESSIVE;
				GCC_WARN_UNUSED_FUNCTION = YES;
				GCC_WARN_UNUSED_VARIABLE = YES;
				IPHONEOS_DEPLOYMENT_TARGET = 17.5;
				LOCALIZATION_PREFERS_STRING_CATALOGS = YES;
				MTL_ENABLE_DEBUG_INFO = NO;
				MTL_FAST_MATH = YES;
				SDKROOT = iphoneos;
				SWIFT_COMPILATION_MODE = wholemodule;
				VALIDATE_PRODUCT = YES;
			};
			name = Release;
		};
		D3F04C5C2C5FF94C005DA7CA /* Debug */ = {
			isa = XCBuildConfiguration;
			buildSettings = {
				ASSETCATALOG_COMPILER_APPICON_NAME = AppIcon;
				ASSETCATALOG_COMPILER_GLOBAL_ACCENT_COLOR_NAME = AccentColor;
				CODE_SIGN_STYLE = Automatic;
				CURRENT_PROJECT_VERSION = 1;
				DEVELOPMENT_TEAM = P2PH6ZPWL5;
				GENERATE_INFOPLIST_FILE = YES;
				INFOPLIST_FILE = GoodNews/Info.plist;
				INFOPLIST_KEY_UIApplicationSupportsIndirectInputEvents = YES;
				INFOPLIST_KEY_UILaunchStoryboardName = LaunchScreen;
				INFOPLIST_KEY_UIMainStoryboardFile = Main;
				INFOPLIST_KEY_UIStatusBarStyle = UIStatusBarStyleLightContent;
				INFOPLIST_KEY_UISupportedInterfaceOrientations_iPad = "UIInterfaceOrientationPortrait UIInterfaceOrientationPortraitUpsideDown UIInterfaceOrientationLandscapeLeft UIInterfaceOrientationLandscapeRight";
				INFOPLIST_KEY_UISupportedInterfaceOrientations_iPhone = "UIInterfaceOrientationPortrait UIInterfaceOrientationLandscapeLeft UIInterfaceOrientationLandscapeRight";
				LD_RUNPATH_SEARCH_PATHS = (
					"$(inherited)",
					"@executable_path/Frameworks",
				);
				MARKETING_VERSION = 1.0;
				PRODUCT_BUNDLE_IDENTIFIER = dev.merdin.GoodNews;
				PRODUCT_NAME = "$(TARGET_NAME)";
				SWIFT_EMIT_LOC_STRINGS = YES;
				SWIFT_VERSION = 5.0;
				TARGETED_DEVICE_FAMILY = "1,2";
			};
			name = Debug;
		};
		D3F04C5D2C5FF94C005DA7CA /* Release */ = {
			isa = XCBuildConfiguration;
			buildSettings = {
				ASSETCATALOG_COMPILER_APPICON_NAME = AppIcon;
				ASSETCATALOG_COMPILER_GLOBAL_ACCENT_COLOR_NAME = AccentColor;
				CODE_SIGN_STYLE = Automatic;
				CURRENT_PROJECT_VERSION = 1;
				DEVELOPMENT_TEAM = P2PH6ZPWL5;
				GENERATE_INFOPLIST_FILE = YES;
				INFOPLIST_FILE = GoodNews/Info.plist;
				INFOPLIST_KEY_UIApplicationSupportsIndirectInputEvents = YES;
				INFOPLIST_KEY_UILaunchStoryboardName = LaunchScreen;
				INFOPLIST_KEY_UIMainStoryboardFile = Main;
				INFOPLIST_KEY_UIStatusBarStyle = UIStatusBarStyleLightContent;
				INFOPLIST_KEY_UISupportedInterfaceOrientations_iPad = "UIInterfaceOrientationPortrait UIInterfaceOrientationPortraitUpsideDown UIInterfaceOrientationLandscapeLeft UIInterfaceOrientationLandscapeRight";
				INFOPLIST_KEY_UISupportedInterfaceOrientations_iPhone = "UIInterfaceOrientationPortrait UIInterfaceOrientationLandscapeLeft UIInterfaceOrientationLandscapeRight";
				LD_RUNPATH_SEARCH_PATHS = (
					"$(inherited)",
					"@executable_path/Frameworks",
				);
				MARKETING_VERSION = 1.0;
				PRODUCT_BUNDLE_IDENTIFIER = dev.merdin.GoodNews;
				PRODUCT_NAME = "$(TARGET_NAME)";
				SWIFT_EMIT_LOC_STRINGS = YES;
				SWIFT_VERSION = 5.0;
				TARGETED_DEVICE_FAMILY = "1,2";
			};
			name = Release;
		};
/* End XCBuildConfiguration section */

/* Begin XCConfigurationList section */
		D3F04C422C5FF94A005DA7CA /* Build configuration list for PBXProject "GoodNews" */ = {
			isa = XCConfigurationList;
			buildConfigurations = (
				D3F04C592C5FF94C005DA7CA /* Debug */,
				D3F04C5A2C5FF94C005DA7CA /* Release */,
			);
			defaultConfigurationIsVisible = 0;
			defaultConfigurationName = Release;
		};
		D3F04C5B2C5FF94C005DA7CA /* Build configuration list for PBXNativeTarget "GoodNews" */ = {
			isa = XCConfigurationList;
			buildConfigurations = (
				D3F04C5C2C5FF94C005DA7CA /* Debug */,
				D3F04C5D2C5FF94C005DA7CA /* Release */,
			);
			defaultConfigurationIsVisible = 0;
			defaultConfigurationName = Release;
		};
/* End XCConfigurationList section */
	};
	rootObject = D3F04C3F2C5FF94A005DA7CA /* Project object */;
}
