// !$*UTF8*$!
{
	archiveVersion = 1;
	classes = {
	};
	objectVersion = 56;
	objects = {

/* Begin PBXBuildFile section */
		D321758F2AAE113500EC0E8B /* AppetizersApp.swift in Sources */ = {isa = PBXBuildFile; fileRef = D321758E2AAE113500EC0E8B /* AppetizersApp.swift */; };
		D32175912AAE113500EC0E8B /* AppetizerTabView.swift in Sources */ = {isa = PBXBuildFile; fileRef = D32175902AAE113500EC0E8B /* AppetizerTabView.swift */; };
		D32175932AAE113600EC0E8B /* Assets.xcassets in Resources */ = {isa = PBXBuildFile; fileRef = D32175922AAE113600EC0E8B /* Assets.xcassets */; };
		D32175962AAE113600EC0E8B /* Preview Assets.xcassets in Resources */ = {isa = PBXBuildFile; fileRef = D32175952AAE113600EC0E8B /* Preview Assets.xcassets */; };
		D321759D2AAE117C00EC0E8B /* AppetizerListView.swift in Sources */ = {isa = PBXBuildFile; fileRef = D321759C2AAE117C00EC0E8B /* AppetizerListView.swift */; };
		D321759F2AAE118200EC0E8B /* AccountView.swift in Sources */ = {isa = PBXBuildFile; fileRef = D321759E2AAE118200EC0E8B /* AccountView.swift */; };
		D32175A12AAE118800EC0E8B /* OrderView.swift in Sources */ = {isa = PBXBuildFile; fileRef = D32175A02AAE118800EC0E8B /* OrderView.swift */; };
		D32175A42AAE143E00EC0E8B /* Appetizer.swift in Sources */ = {isa = PBXBuildFile; fileRef = D32175A32AAE143E00EC0E8B /* Appetizer.swift */; };
		D32175A72AAE186A00EC0E8B /* AppetizerListCell.swift in Sources */ = {isa = PBXBuildFile; fileRef = D32175A62AAE186A00EC0E8B /* AppetizerListCell.swift */; };
		D32175AA2AAE18DF00EC0E8B /* NetworkManager.swift in Sources */ = {isa = PBXBuildFile; fileRef = D32175A92AAE18DF00EC0E8B /* NetworkManager.swift */; };
		D32175AD2AAE196300EC0E8B /* APError.swift in Sources */ = {isa = PBXBuildFile; fileRef = D32175AC2AAE196300EC0E8B /* APError.swift */; };
		D32175B12AAE1DFC00EC0E8B /* AppetizerListViewModel.swift in Sources */ = {isa = PBXBuildFile; fileRef = D32175B02AAE1DFC00EC0E8B /* AppetizerListViewModel.swift */; };
		D32175B42AAE1F6400EC0E8B /* Alert.swift in Sources */ = {isa = PBXBuildFile; fileRef = D32175B32AAE1F6400EC0E8B /* Alert.swift */; };
		D32175B62AAE25AE00EC0E8B /* RemoteImage.swift in Sources */ = {isa = PBXBuildFile; fileRef = D32175B52AAE25AE00EC0E8B /* RemoteImage.swift */; };
		D32175B82AAE279900EC0E8B /* AppetizerDetailView.swift in Sources */ = {isa = PBXBuildFile; fileRef = D32175B72AAE279900EC0E8B /* AppetizerDetailView.swift */; };
		D32175BA2AAE2A0100EC0E8B /* XDismissButton.swift in Sources */ = {isa = PBXBuildFile; fileRef = D32175B92AAE2A0100EC0E8B /* XDismissButton.swift */; };
		D32175BD2AAE314600EC0E8B /* APButton.swift in Sources */ = {isa = PBXBuildFile; fileRef = D32175BC2AAE314600EC0E8B /* APButton.swift */; };
		D36114222AAF3D62002985EB /* AccountViewModel.swift in Sources */ = {isa = PBXBuildFile; fileRef = D36114212AAF3D62002985EB /* AccountViewModel.swift */; };
		D36114252AAF3F15002985EB /* Color+CustomColors.swift in Sources */ = {isa = PBXBuildFile; fileRef = D36114242AAF3F15002985EB /* Color+CustomColors.swift */; };
		D36114272AAF3F32002985EB /* Date+Extensions.swift in Sources */ = {isa = PBXBuildFile; fileRef = D36114262AAF3F32002985EB /* Date+Extensions.swift */; };
		D36114292AAF4184002985EB /* User.swift in Sources */ = {isa = PBXBuildFile; fileRef = D36114282AAF4184002985EB /* User.swift */; };
		D361142B2AAF4592002985EB /* Order.swift in Sources */ = {isa = PBXBuildFile; fileRef = D361142A2AAF4592002985EB /* Order.swift */; };
		D361142D2AAF493D002985EB /* EmptyState.swift in Sources */ = {isa = PBXBuildFile; fileRef = D361142C2AAF493D002985EB /* EmptyState.swift */; };
/* End PBXBuildFile section */

/* Begin PBXFileReference section */
		D321758B2AAE113500EC0E8B /* Appetizers.app */ = {isa = PBXFileReference; explicitFileType = wrapper.application; includeInIndex = 0; path = Appetizers.app; sourceTree = BUILT_PRODUCTS_DIR; };
		D321758E2AAE113500EC0E8B /* AppetizersApp.swift */ = {isa = PBXFileReference; lastKnownFileType = sourcecode.swift; path = AppetizersApp.swift; sourceTree = "<group>"; };
		D32175902AAE113500EC0E8B /* AppetizerTabView.swift */ = {isa = PBXFileReference; lastKnownFileType = sourcecode.swift; path = AppetizerTabView.swift; sourceTree = "<group>"; };
		D32175922AAE113600EC0E8B /* Assets.xcassets */ = {isa = PBXFileReference; lastKnownFileType = folder.assetcatalog; path = Assets.xcassets; sourceTree = "<group>"; };
		D32175952AAE113600EC0E8B /* Preview Assets.xcassets */ = {isa = PBXFileReference; lastKnownFileType = folder.assetcatalog; path = "Preview Assets.xcassets"; sourceTree = "<group>"; };
		D321759C2AAE117C00EC0E8B /* AppetizerListView.swift */ = {isa = PBXFileReference; lastKnownFileType = sourcecode.swift; path = AppetizerListView.swift; sourceTree = "<group>"; };
		D321759E2AAE118200EC0E8B /* AccountView.swift */ = {isa = PBXFileReference; lastKnownFileType = sourcecode.swift; path = AccountView.swift; sourceTree = "<group>"; };
		D32175A02AAE118800EC0E8B /* OrderView.swift */ = {isa = PBXFileReference; lastKnownFileType = sourcecode.swift; path = OrderView.swift; sourceTree = "<group>"; };
		D32175A32AAE143E00EC0E8B /* Appetizer.swift */ = {isa = PBXFileReference; lastKnownFileType = sourcecode.swift; path = Appetizer.swift; sourceTree = "<group>"; };
		D32175A62AAE186A00EC0E8B /* AppetizerListCell.swift */ = {isa = PBXFileReference; lastKnownFileType = sourcecode.swift; path = AppetizerListCell.swift; sourceTree = "<group>"; };
		D32175A92AAE18DF00EC0E8B /* NetworkManager.swift */ = {isa = PBXFileReference; lastKnownFileType = sourcecode.swift; path = NetworkManager.swift; sourceTree = "<group>"; };
		D32175AC2AAE196300EC0E8B /* APError.swift */ = {isa = PBXFileReference; lastKnownFileType = sourcecode.swift; path = APError.swift; sourceTree = "<group>"; };
		D32175B02AAE1DFC00EC0E8B /* AppetizerListViewModel.swift */ = {isa = PBXFileReference; lastKnownFileType = sourcecode.swift; path = AppetizerListViewModel.swift; sourceTree = "<group>"; };
		D32175B32AAE1F6400EC0E8B /* Alert.swift */ = {isa = PBXFileReference; lastKnownFileType = sourcecode.swift; path = Alert.swift; sourceTree = "<group>"; };
		D32175B52AAE25AE00EC0E8B /* RemoteImage.swift */ = {isa = PBXFileReference; lastKnownFileType = sourcecode.swift; path = RemoteImage.swift; sourceTree = "<group>"; };
		D32175B72AAE279900EC0E8B /* AppetizerDetailView.swift */ = {isa = PBXFileReference; lastKnownFileType = sourcecode.swift; path = AppetizerDetailView.swift; sourceTree = "<group>"; };
		D32175B92AAE2A0100EC0E8B /* XDismissButton.swift */ = {isa = PBXFileReference; lastKnownFileType = sourcecode.swift; path = XDismissButton.swift; sourceTree = "<group>"; };
		D32175BC2AAE314600EC0E8B /* APButton.swift */ = {isa = PBXFileReference; lastKnownFileType = sourcecode.swift; path = APButton.swift; sourceTree = "<group>"; };
		D36114212AAF3D62002985EB /* AccountViewModel.swift */ = {isa = PBXFileReference; lastKnownFileType = sourcecode.swift; path = AccountViewModel.swift; sourceTree = "<group>"; };
		D36114242AAF3F15002985EB /* Color+CustomColors.swift */ = {isa = PBXFileReference; lastKnownFileType = sourcecode.swift; path = "Color+CustomColors.swift"; sourceTree = "<group>"; };
		D36114262AAF3F32002985EB /* Date+Extensions.swift */ = {isa = PBXFileReference; lastKnownFileType = sourcecode.swift; path = "Date+Extensions.swift"; sourceTree = "<group>"; };
		D36114282AAF4184002985EB /* User.swift */ = {isa = PBXFileReference; lastKnownFileType = sourcecode.swift; path = User.swift; sourceTree = "<group>"; };
		D361142A2AAF4592002985EB /* Order.swift */ = {isa = PBXFileReference; lastKnownFileType = sourcecode.swift; path = Order.swift; sourceTree = "<group>"; };
		D361142C2AAF493D002985EB /* EmptyState.swift */ = {isa = PBXFileReference; lastKnownFileType = sourcecode.swift; path = EmptyState.swift; sourceTree = "<group>"; };
/* End PBXFileReference section */

/* Begin PBXFrameworksBuildPhase section */
		D32175882AAE113500EC0E8B /* Frameworks */ = {
			isa = PBXFrameworksBuildPhase;
			buildActionMask = 2147483647;
			files = (
			);
			runOnlyForDeploymentPostprocessing = 0;
		};
/* End PBXFrameworksBuildPhase section */

/* Begin PBXGroup section */
		D32175822AAE113500EC0E8B = {
			isa = PBXGroup;
			children = (
				D321758D2AAE113500EC0E8B /* Appetizers */,
				D321758C2AAE113500EC0E8B /* Products */,
			);
			sourceTree = "<group>";
		};
		D321758C2AAE113500EC0E8B /* Products */ = {
			isa = PBXGroup;
			children = (
				D321758B2AAE113500EC0E8B /* Appetizers.app */,
			);
			name = Products;
			sourceTree = "<group>";
		};
		D321758D2AAE113500EC0E8B /* Appetizers */ = {
			isa = PBXGroup;
			children = (
				D321758E2AAE113500EC0E8B /* AppetizersApp.swift */,
				D32175AC2AAE196300EC0E8B /* APError.swift */,
				D32175AF2AAE198F00EC0E8B /* Utilities */,
				D32175A52AAE144300EC0E8B /* Models */,
				D32175A22AAE118D00EC0E8B /* Views */,
				D32175B22AAE1DFF00EC0E8B /* ViewModels */,
				D32175922AAE113600EC0E8B /* Assets.xcassets */,
				D32175942AAE113600EC0E8B /* Preview Content */,
			);
			path = Appetizers;
			sourceTree = "<group>";
		};
		D32175942AAE113600EC0E8B /* Preview Content */ = {
			isa = PBXGroup;
			children = (
				D32175952AAE113600EC0E8B /* Preview Assets.xcassets */,
			);
			path = "Preview Content";
			sourceTree = "<group>";
		};
		D32175A22AAE118D00EC0E8B /* Views */ = {
			isa = PBXGroup;
			children = (
				D32175BB2AAE313700EC0E8B /* Buttons */,
				D32175A82AAE18CE00EC0E8B /* Cells */,
				D32175902AAE113500EC0E8B /* AppetizerTabView.swift */,
				D321759C2AAE117C00EC0E8B /* AppetizerListView.swift */,
				D32175B72AAE279900EC0E8B /* AppetizerDetailView.swift */,
				D321759E2AAE118200EC0E8B /* AccountView.swift */,
				D32175A02AAE118800EC0E8B /* OrderView.swift */,
				D361142C2AAF493D002985EB /* EmptyState.swift */,
			);
			path = Views;
			sourceTree = "<group>";
		};
		D32175A52AAE144300EC0E8B /* Models */ = {
			isa = PBXGroup;
			children = (
				D32175A32AAE143E00EC0E8B /* Appetizer.swift */,
				D36114282AAF4184002985EB /* User.swift */,
				D361142A2AAF4592002985EB /* Order.swift */,
			);
			path = Models;
			sourceTree = "<group>";
		};
		D32175A82AAE18CE00EC0E8B /* Cells */ = {
			isa = PBXGroup;
			children = (
				D32175A62AAE186A00EC0E8B /* AppetizerListCell.swift */,
			);
			path = Cells;
			sourceTree = "<group>";
		};
		D32175AB2AAE18E400EC0E8B /* Networking */ = {
			isa = PBXGroup;
			children = (
				D32175A92AAE18DF00EC0E8B /* NetworkManager.swift */,
			);
			path = Networking;
			sourceTree = "<group>";
		};
		D32175AF2AAE198F00EC0E8B /* Utilities */ = {
			isa = PBXGroup;
			children = (
				D36114232AAF3EF1002985EB /* Extensions */,
				D32175B32AAE1F6400EC0E8B /* Alert.swift */,
				D32175AB2AAE18E400EC0E8B /* Networking */,
			);
			path = Utilities;
			sourceTree = "<group>";
		};
		D32175B22AAE1DFF00EC0E8B /* ViewModels */ = {
			isa = PBXGroup;
			children = (
				D32175B02AAE1DFC00EC0E8B /* AppetizerListViewModel.swift */,
				D32175B52AAE25AE00EC0E8B /* RemoteImage.swift */,
				D36114212AAF3D62002985EB /* AccountViewModel.swift */,
			);
			path = ViewModels;
			sourceTree = "<group>";
		};
		D32175BB2AAE313700EC0E8B /* Buttons */ = {
			isa = PBXGroup;
			children = (
				D32175BC2AAE314600EC0E8B /* APButton.swift */,
				D32175B92AAE2A0100EC0E8B /* XDismissButton.swift */,
			);
			path = Buttons;
			sourceTree = "<group>";
		};
		D36114232AAF3EF1002985EB /* Extensions */ = {
			isa = PBXGroup;
			children = (
				D36114242AAF3F15002985EB /* Color+CustomColors.swift */,
				D36114262AAF3F32002985EB /* Date+Extensions.swift */,
			);
			path = Extensions;
			sourceTree = "<group>";
		};
/* End PBXGroup section */

/* Begin PBXNativeTarget section */
		D321758A2AAE113500EC0E8B /* Appetizers */ = {
			isa = PBXNativeTarget;
			buildConfigurationList = D32175992AAE113600EC0E8B /* Build configuration list for PBXNativeTarget "Appetizers" */;
			buildPhases = (
				D32175872AAE113500EC0E8B /* Sources */,
				D32175882AAE113500EC0E8B /* Frameworks */,
				D32175892AAE113500EC0E8B /* Resources */,
			);
			buildRules = (
			);
			dependencies = (
			);
			name = Appetizers;
			productName = Appetizers;
			productReference = D321758B2AAE113500EC0E8B /* Appetizers.app */;
			productType = "com.apple.product-type.application";
		};
/* End PBXNativeTarget section */

/* Begin PBXProject section */
		D32175832AAE113500EC0E8B /* Project object */ = {
			isa = PBXProject;
			attributes = {
				BuildIndependentTargetsInParallel = 1;
				LastSwiftUpdateCheck = 1430;
				LastUpgradeCheck = 1430;
				TargetAttributes = {
					D321758A2AAE113500EC0E8B = {
						CreatedOnToolsVersion = 14.3.1;
					};
				};
			};
			buildConfigurationList = D32175862AAE113500EC0E8B /* Build configuration list for PBXProject "Appetizers" */;
			compatibilityVersion = "Xcode 14.0";
			developmentRegion = en;
			hasScannedForEncodings = 0;
			knownRegions = (
				en,
				Base,
			);
			mainGroup = D32175822AAE113500EC0E8B;
			productRefGroup = D321758C2AAE113500EC0E8B /* Products */;
			projectDirPath = "";
			projectRoot = "";
			targets = (
				D321758A2AAE113500EC0E8B /* Appetizers */,
			);
		};
/* End PBXProject section */

/* Begin PBXResourcesBuildPhase section */
		D32175892AAE113500EC0E8B /* Resources */ = {
			isa = PBXResourcesBuildPhase;
			buildActionMask = 2147483647;
			files = (
				D32175962AAE113600EC0E8B /* Preview Assets.xcassets in Resources */,
				D32175932AAE113600EC0E8B /* Assets.xcassets in Resources */,
			);
			runOnlyForDeploymentPostprocessing = 0;
		};
/* End PBXResourcesBuildPhase section */

/* Begin PBXSourcesBuildPhase section */
		D32175872AAE113500EC0E8B /* Sources */ = {
			isa = PBXSourcesBuildPhase;
			buildActionMask = 2147483647;
			files = (
				D32175A42AAE143E00EC0E8B /* Appetizer.swift in Sources */,
				D32175AD2AAE196300EC0E8B /* APError.swift in Sources */,
				D361142B2AAF4592002985EB /* Order.swift in Sources */,
				D32175A72AAE186A00EC0E8B /* AppetizerListCell.swift in Sources */,
				D32175BD2AAE314600EC0E8B /* APButton.swift in Sources */,
				D32175B62AAE25AE00EC0E8B /* RemoteImage.swift in Sources */,
				D321759F2AAE118200EC0E8B /* AccountView.swift in Sources */,
				D32175912AAE113500EC0E8B /* AppetizerTabView.swift in Sources */,
				D32175AA2AAE18DF00EC0E8B /* NetworkManager.swift in Sources */,
				D321758F2AAE113500EC0E8B /* AppetizersApp.swift in Sources */,
				D36114252AAF3F15002985EB /* Color+CustomColors.swift in Sources */,
				D32175B82AAE279900EC0E8B /* AppetizerDetailView.swift in Sources */,
				D36114272AAF3F32002985EB /* Date+Extensions.swift in Sources */,
				D36114222AAF3D62002985EB /* AccountViewModel.swift in Sources */,
				D32175B12AAE1DFC00EC0E8B /* AppetizerListViewModel.swift in Sources */,
				D361142D2AAF493D002985EB /* EmptyState.swift in Sources */,
				D32175B42AAE1F6400EC0E8B /* Alert.swift in Sources */,
				D321759D2AAE117C00EC0E8B /* AppetizerListView.swift in Sources */,
				D32175A12AAE118800EC0E8B /* OrderView.swift in Sources */,
				D32175BA2AAE2A0100EC0E8B /* XDismissButton.swift in Sources */,
				D36114292AAF4184002985EB /* User.swift in Sources */,
			);
			runOnlyForDeploymentPostprocessing = 0;
		};
/* End PBXSourcesBuildPhase section */

/* Begin XCBuildConfiguration section */
		D32175972AAE113600EC0E8B /* Debug */ = {
			isa = XCBuildConfiguration;
			buildSettings = {
				ALWAYS_SEARCH_USER_PATHS = NO;
				CLANG_ANALYZER_NONNULL = YES;
				CLANG_ANALYZER_NUMBER_OBJECT_CONVERSION = YES_AGGRESSIVE;
				CLANG_CXX_LANGUAGE_STANDARD = "gnu++20";
				CLANG_ENABLE_MODULES = YES;
				CLANG_ENABLE_OBJC_ARC = YES;
				CLANG_ENABLE_OBJC_WEAK = YES;
				CLANG_WARN_BLOCK_CAPTURE_AUTORELEASING = YES;
				CLANG_WARN_BOOL_CONVERSION = YES;
				CLANG_WARN_COMMA = YES;
				CLANG_WARN_CONSTANT_CONVERSION = YES;
				CLANG_WARN_DEPRECATED_OBJC_IMPLEMENTATIONS = YES;
				CLANG_WARN_DIRECT_OBJC_ISA_USAGE = YES_ERROR;
				CLANG_WARN_DOCUMENTATION_COMMENTS = YES;
				CLANG_WARN_EMPTY_BODY = YES;
				CLANG_WARN_ENUM_CONVERSION = YES;
				CLANG_WARN_INFINITE_RECURSION = YES;
				CLANG_WARN_INT_CONVERSION = YES;
				CLANG_WARN_NON_LITERAL_NULL_CONVERSION = YES;
				CLANG_WARN_OBJC_IMPLICIT_RETAIN_SELF = YES;
				CLANG_WARN_OBJC_LITERAL_CONVERSION = YES;
				CLANG_WARN_OBJC_ROOT_CLASS = YES_ERROR;
				CLANG_WARN_QUOTED_INCLUDE_IN_FRAMEWORK_HEADER = YES;
				CLANG_WARN_RANGE_LOOP_ANALYSIS = YES;
				CLANG_WARN_STRICT_PROTOTYPES = YES;
				CLANG_WARN_SUSPICIOUS_MOVE = YES;
				CLANG_WARN_UNGUARDED_AVAILABILITY = YES_AGGRESSIVE;
				CLANG_WARN_UNREACHABLE_CODE = YES;
				CLANG_WARN__DUPLICATE_METHOD_MATCH = YES;
				COPY_PHASE_STRIP = NO;
				DEBUG_INFORMATION_FORMAT = dwarf;
				ENABLE_STRICT_OBJC_MSGSEND = YES;
				ENABLE_TESTABILITY = YES;
				GCC_C_LANGUAGE_STANDARD = gnu11;
				GCC_DYNAMIC_NO_PIC = NO;
				GCC_NO_COMMON_BLOCKS = YES;
				GCC_OPTIMIZATION_LEVEL = 0;
				GCC_PREPROCESSOR_DEFINITIONS = (
					"DEBUG=1",
					"$(inherited)",
				);
				GCC_WARN_64_TO_32_BIT_CONVERSION = YES;
				GCC_WARN_ABOUT_RETURN_TYPE = YES_ERROR;
				GCC_WARN_UNDECLARED_SELECTOR = YES;
				GCC_WARN_UNINITIALIZED_AUTOS = YES_AGGRESSIVE;
				GCC_WARN_UNUSED_FUNCTION = YES;
				GCC_WARN_UNUSED_VARIABLE = YES;
				IPHONEOS_DEPLOYMENT_TARGET = 16.4;
				MTL_ENABLE_DEBUG_INFO = INCLUDE_SOURCE;
				MTL_FAST_MATH = YES;
				ONLY_ACTIVE_ARCH = YES;
				SDKROOT = iphoneos;
				SWIFT_ACTIVE_COMPILATION_CONDITIONS = DEBUG;
				SWIFT_OPTIMIZATION_LEVEL = "-Onone";
			};
			name = Debug;
		};
		D32175982AAE113600EC0E8B /* Release */ = {
			isa = XCBuildConfiguration;
			buildSettings = {
				ALWAYS_SEARCH_USER_PATHS = NO;
				CLANG_ANALYZER_NONNULL = YES;
				CLANG_ANALYZER_NUMBER_OBJECT_CONVERSION = YES_AGGRESSIVE;
				CLANG_CXX_LANGUAGE_STANDARD = "gnu++20";
				CLANG_ENABLE_MODULES = YES;
				CLANG_ENABLE_OBJC_ARC = YES;
				CLANG_ENABLE_OBJC_WEAK = YES;
				CLANG_WARN_BLOCK_CAPTURE_AUTORELEASING = YES;
				CLANG_WARN_BOOL_CONVERSION = YES;
				CLANG_WARN_COMMA = YES;
				CLANG_WARN_CONSTANT_CONVERSION = YES;
				CLANG_WARN_DEPRECATED_OBJC_IMPLEMENTATIONS = YES;
				CLANG_WARN_DIRECT_OBJC_ISA_USAGE = YES_ERROR;
				CLANG_WARN_DOCUMENTATION_COMMENTS = YES;
				CLANG_WARN_EMPTY_BODY = YES;
				CLANG_WARN_ENUM_CONVERSION = YES;
				CLANG_WARN_INFINITE_RECURSION = YES;
				CLANG_WARN_INT_CONVERSION = YES;
				CLANG_WARN_NON_LITERAL_NULL_CONVERSION = YES;
				CLANG_WARN_OBJC_IMPLICIT_RETAIN_SELF = YES;
				CLANG_WARN_OBJC_LITERAL_CONVERSION = YES;
				CLANG_WARN_OBJC_ROOT_CLASS = YES_ERROR;
				CLANG_WARN_QUOTED_INCLUDE_IN_FRAMEWORK_HEADER = YES;
				CLANG_WARN_RANGE_LOOP_ANALYSIS = YES;
				CLANG_WARN_STRICT_PROTOTYPES = YES;
				CLANG_WARN_SUSPICIOUS_MOVE = YES;
				CLANG_WARN_UNGUARDED_AVAILABILITY = YES_AGGRESSIVE;
				CLANG_WARN_UNREACHABLE_CODE = YES;
				CLANG_WARN__DUPLICATE_METHOD_MATCH = YES;
				COPY_PHASE_STRIP = NO;
				DEBUG_INFORMATION_FORMAT = "dwarf-with-dsym";
				ENABLE_NS_ASSERTIONS = NO;
				ENABLE_STRICT_OBJC_MSGSEND = YES;
				GCC_C_LANGUAGE_STANDARD = gnu11;
				GCC_NO_COMMON_BLOCKS = YES;
				GCC_WARN_64_TO_32_BIT_CONVERSION = YES;
				GCC_WARN_ABOUT_RETURN_TYPE = YES_ERROR;
				GCC_WARN_UNDECLARED_SELECTOR = YES;
				GCC_WARN_UNINITIALIZED_AUTOS = YES_AGGRESSIVE;
				GCC_WARN_UNUSED_FUNCTION = YES;
				GCC_WARN_UNUSED_VARIABLE = YES;
				IPHONEOS_DEPLOYMENT_TARGET = 16.4;
				MTL_ENABLE_DEBUG_INFO = NO;
				MTL_FAST_MATH = YES;
				SDKROOT = iphoneos;
				SWIFT_COMPILATION_MODE = wholemodule;
				SWIFT_OPTIMIZATION_LEVEL = "-O";
				VALIDATE_PRODUCT = YES;
			};
			name = Release;
		};
		D321759A2AAE113600EC0E8B /* Debug */ = {
			isa = XCBuildConfiguration;
			buildSettings = {
				ASSETCATALOG_COMPILER_APPICON_NAME = AppIcon;
				ASSETCATALOG_COMPILER_GLOBAL_ACCENT_COLOR_NAME = AccentColor;
				CODE_SIGN_STYLE = Automatic;
				CURRENT_PROJECT_VERSION = 1;
				DEVELOPMENT_ASSET_PATHS = "\"Appetizers/Preview Content\"";
				DEVELOPMENT_TEAM = P2PH6ZPWL5;
				ENABLE_PREVIEWS = YES;
				GENERATE_INFOPLIST_FILE = YES;
				INFOPLIST_KEY_UIApplicationSceneManifest_Generation = YES;
				INFOPLIST_KEY_UIApplicationSupportsIndirectInputEvents = YES;
				INFOPLIST_KEY_UILaunchScreen_Generation = YES;
				INFOPLIST_KEY_UISupportedInterfaceOrientations = UIInterfaceOrientationPortrait;
				INFOPLIST_KEY_UISupportedInterfaceOrientations_iPad = "UIInterfaceOrientationLandscapeLeft UIInterfaceOrientationLandscapeRight UIInterfaceOrientationPortrait UIInterfaceOrientationPortraitUpsideDown";
				LD_RUNPATH_SEARCH_PATHS = (
					"$(inherited)",
					"@executable_path/Frameworks",
				);
				MARKETING_VERSION = 1.0;
				PRODUCT_BUNDLE_IDENTIFIER = dev.merdin.Appetizers;
				PRODUCT_NAME = "$(TARGET_NAME)";
				SUPPORTED_PLATFORMS = "iphoneos iphonesimulator";
				SUPPORTS_MACCATALYST = NO;
				SUPPORTS_MAC_DESIGNED_FOR_IPHONE_IPAD = YES;
				SWIFT_EMIT_LOC_STRINGS = YES;
				SWIFT_VERSION = 5.0;
				TARGETED_DEVICE_FAMILY = 1;
			};
			name = Debug;
		};
		D321759B2AAE113600EC0E8B /* Release */ = {
			isa = XCBuildConfiguration;
			buildSettings = {
				ASSETCATALOG_COMPILER_APPICON_NAME = AppIcon;
				ASSETCATALOG_COMPILER_GLOBAL_ACCENT_COLOR_NAME = AccentColor;
				CODE_SIGN_STYLE = Automatic;
				CURRENT_PROJECT_VERSION = 1;
				DEVELOPMENT_ASSET_PATHS = "\"Appetizers/Preview Content\"";
				DEVELOPMENT_TEAM = P2PH6ZPWL5;
				ENABLE_PREVIEWS = YES;
				GENERATE_INFOPLIST_FILE = YES;
				INFOPLIST_KEY_UIApplicationSceneManifest_Generation = YES;
				INFOPLIST_KEY_UIApplicationSupportsIndirectInputEvents = YES;
				INFOPLIST_KEY_UILaunchScreen_Generation = YES;
				INFOPLIST_KEY_UISupportedInterfaceOrientations = UIInterfaceOrientationPortrait;
				INFOPLIST_KEY_UISupportedInterfaceOrientations_iPad = "UIInterfaceOrientationLandscapeLeft UIInterfaceOrientationLandscapeRight UIInterfaceOrientationPortrait UIInterfaceOrientationPortraitUpsideDown";
				LD_RUNPATH_SEARCH_PATHS = (
					"$(inherited)",
					"@executable_path/Frameworks",
				);
				MARKETING_VERSION = 1.0;
				PRODUCT_BUNDLE_IDENTIFIER = dev.merdin.Appetizers;
				PRODUCT_NAME = "$(TARGET_NAME)";
				SUPPORTED_PLATFORMS = "iphoneos iphonesimulator";
				SUPPORTS_MACCATALYST = NO;
				SUPPORTS_MAC_DESIGNED_FOR_IPHONE_IPAD = YES;
				SWIFT_EMIT_LOC_STRINGS = YES;
				SWIFT_VERSION = 5.0;
				TARGETED_DEVICE_FAMILY = 1;
			};
			name = Release;
		};
/* End XCBuildConfiguration section */

/* Begin XCConfigurationList section */
		D32175862AAE113500EC0E8B /* Build configuration list for PBXProject "Appetizers" */ = {
			isa = XCConfigurationList;
			buildConfigurations = (
				D32175972AAE113600EC0E8B /* Debug */,
				D32175982AAE113600EC0E8B /* Release */,
			);
			defaultConfigurationIsVisible = 0;
			defaultConfigurationName = Release;
		};
		D32175992AAE113600EC0E8B /* Build configuration list for PBXNativeTarget "Appetizers" */ = {
			isa = XCConfigurationList;
			buildConfigurations = (
				D321759A2AAE113600EC0E8B /* Debug */,
				D321759B2AAE113600EC0E8B /* Release */,
			);
			defaultConfigurationIsVisible = 0;
			defaultConfigurationName = Release;
		};
/* End XCConfigurationList section */
	};
	rootObject = D32175832AAE113500EC0E8B /* Project object */;
}
