
Microsoft Visual Studio Solution File, Format Version 12.00
# Visual Studio Version 16
VisualStudioVersion = 16.0.31313.79
MinimumVisualStudioVersion = 10.0.40219.1
Project("{9A19103F-16F7-4668-BE54-9A1E7A4F7556}") = "MuzikantMVC", "MuzikantMVC\MuzikantMVC.csproj", "{F376F84D-4422-4F9F-BE26-2E56DAF7DE81}"
EndProject
Project("{9A19103F-16F7-4668-BE54-9A1E7A4F7556}") = "APISDK", "..\..\SDK\APISDK\APISDK.csproj", "{EF8AB706-0DAE-48B6-A0B9-4DFCFEE1EBA3}"
EndProject
Global
	GlobalSection(SolutionConfigurationPlatforms) = preSolution
		Debug|Any CPU = Debug|Any CPU
		Release|Any CPU = Release|Any CPU
	EndGlobalSection
	GlobalSection(ProjectConfigurationPlatforms) = postSolution
		{F376F84D-4422-4F9F-BE26-2E56DAF7DE81}.Debug|Any CPU.ActiveCfg = Debug|Any CPU
		{F376F84D-4422-4F9F-BE26-2E56DAF7DE81}.Debug|Any CPU.Build.0 = Debug|Any CPU
		{F376F84D-4422-4F9F-BE26-2E56DAF7DE81}.Release|Any CPU.ActiveCfg = Release|Any CPU
		{F376F84D-4422-4F9F-BE26-2E56DAF7DE81}.Release|Any CPU.Build.0 = Release|Any CPU
		{EF8AB706-0DAE-48B6-A0B9-4DFCFEE1EBA3}.Debug|Any CPU.ActiveCfg = Debug|Any CPU
		{EF8AB706-0DAE-48B6-A0B9-4DFCFEE1EBA3}.Debug|Any CPU.Build.0 = Debug|Any CPU
		{EF8AB706-0DAE-48B6-A0B9-4DFCFEE1EBA3}.Release|Any CPU.ActiveCfg = Release|Any CPU
		{EF8AB706-0DAE-48B6-A0B9-4DFCFEE1EBA3}.Release|Any CPU.Build.0 = Release|Any CPU
	EndGlobalSection
	GlobalSection(SolutionProperties) = preSolution
		HideSolutionNode = FALSE
	EndGlobalSection
	GlobalSection(ExtensibilityGlobals) = postSolution
		SolutionGuid = {5B05AAEB-CDB8-45D9-A31A-3327C42C579D}
	EndGlobalSection
EndGlobal
